
Microsoft Visual Studio Solution File, Format Version 12.00
# Visual Studio Version 17
VisualStudioVersion = 17.3.32929.385
MinimumVisualStudioVersion = 10.0.40219.1
Project("{9A19103F-16F7-4668-BE54-9A1E7A4F7556}") = "MagicVilla_VillaAPI", "MagicVilla_VillaAPI\MagicVilla_VillaAPI.csproj", "{B3172175-9DAA-4E5C-829C-08F60C20BEEB}"
EndProject
Project("{FAE04EC0-301F-11D3-BF4B-00C04F79EFBC}") = "MagicVilla_Web", "MagicVilla_Web\MagicVilla_Web.csproj", "{EFA44EE3-DA5C-4495-B98B-E4618C12377B}"
EndProject
Global
	GlobalSection(SolutionConfigurationPlatforms) = preSolution
		Debug|Any CPU = Debug|Any CPU
		Release|Any CPU = Release|Any CPU
	EndGlobalSection
	GlobalSection(ProjectConfigurationPlatforms) = postSolution
		{B3172175-9DAA-4E5C-829C-08F60C20BEEB}.Debug|Any CPU.ActiveCfg = Debug|Any CPU
		{B3172175-9DAA-4E5C-829C-08F60C20BEEB}.Debug|Any CPU.Build.0 = Debug|Any CPU
		{B3172175-9DAA-4E5C-829C-08F60C20BEEB}.Release|Any CPU.ActiveCfg = Release|Any CPU
		{B3172175-9DAA-4E5C-829C-08F60C20BEEB}.Release|Any CPU.Build.0 = Release|Any CPU
		{EFA44EE3-DA5C-4495-B98B-E4618C12377B}.Debug|Any CPU.ActiveCfg = Debug|Any CPU
		{EFA44EE3-DA5C-4495-B98B-E4618C12377B}.Debug|Any CPU.Build.0 = Debug|Any CPU
		{EFA44EE3-DA5C-4495-B98B-E4618C12377B}.Release|Any CPU.ActiveCfg = Release|Any CPU
		{EFA44EE3-DA5C-4495-B98B-E4618C12377B}.Release|Any CPU.Build.0 = Release|Any CPU
	EndGlobalSection
	GlobalSection(SolutionProperties) = preSolution
		HideSolutionNode = FALSE
	EndGlobalSection
	GlobalSection(ExtensibilityGlobals) = postSolution
		SolutionGuid = {1CA3E45F-FF06-4EDE-9436-8407552DEA8A}
	EndGlobalSection
EndGlobal
